
Microsoft Visual Studio Solution File, Format Version 12.00
# Visual Studio Version 16
VisualStudioVersion = 16.0.29519.87
MinimumVisualStudioVersion = 10.0.40219.1
Project("{FAE04EC0-301F-11D3-BF4B-00C04F79EFBC}") = "madicare", "madicare\madicare.csproj", "{15AC4FE1-D754-430A-8735-236FB2A8CE9D}"
EndProject
Global
	GlobalSection(SolutionConfigurationPlatforms) = preSolution
		Debug|Any CPU = Debug|Any CPU
		Release|Any CPU = Release|Any CPU
	EndGlobalSection
	GlobalSection(ProjectConfigurationPlatforms) = postSolution
		{15AC4FE1-D754-430A-8735-236FB2A8CE9D}.Debug|Any CPU.ActiveCfg = Debug|Any CPU
		{15AC4FE1-D754-430A-8735-236FB2A8CE9D}.Debug|Any CPU.Build.0 = Debug|Any CPU
		{15AC4FE1-D754-430A-8735-236FB2A8CE9D}.Release|Any CPU.ActiveCfg = Release|Any CPU
		{15AC4FE1-D754-430A-8735-236FB2A8CE9D}.Release|Any CPU.Build.0 = Release|Any CPU
	EndGlobalSection
	GlobalSection(SolutionProperties) = preSolution
		HideSolutionNode = FALSE
	EndGlobalSection
	GlobalSection(ExtensibilityGlobals) = postSolution
		SolutionGuid = {2F43A2BD-FFB2-42F4-98FA-10184E3D7867}
	EndGlobalSection
EndGlobal
