
Microsoft Visual Studio Solution File, Format Version 12.00
# Visual Studio 15
VisualStudioVersion = 15.0.28307.421
MinimumVisualStudioVersion = 10.0.40219.1
Project("{FAE04EC0-301F-11D3-BF4B-00C04F79EFBC}") = "madi_care", "madi_care\madi_care.csproj", "{80E87C76-4D40-4FD8-9C49-4E5BCE957ECD}"
EndProject
Global
	GlobalSection(SolutionConfigurationPlatforms) = preSolution
		Debug|Any CPU = Debug|Any CPU
		Release|Any CPU = Release|Any CPU
	EndGlobalSection
	GlobalSection(ProjectConfigurationPlatforms) = postSolution
		{80E87C76-4D40-4FD8-9C49-4E5BCE957ECD}.Debug|Any CPU.ActiveCfg = Debug|Any CPU
		{80E87C76-4D40-4FD8-9C49-4E5BCE957ECD}.Debug|Any CPU.Build.0 = Debug|Any CPU
		{80E87C76-4D40-4FD8-9C49-4E5BCE957ECD}.Release|Any CPU.ActiveCfg = Release|Any CPU
		{80E87C76-4D40-4FD8-9C49-4E5BCE957ECD}.Release|Any CPU.Build.0 = Release|Any CPU
	EndGlobalSection
	GlobalSection(SolutionProperties) = preSolution
		HideSolutionNode = FALSE
	EndGlobalSection
	GlobalSection(ExtensibilityGlobals) = postSolution
		SolutionGuid = {6F076FDF-61FE-45E5-A3A8-8B2668E830E6}
	EndGlobalSection
EndGlobal
